
Microsoft Visual Studio Solution File, Format Version 12.00
# Visual Studio Version 16
VisualStudioVersion = 16.0.29926.136
MinimumVisualStudioVersion = 10.0.40219.1
Project("{9A19103F-16F7-4668-BE54-9A1E7A4F7556}") = "Continuum.GUI", "Continuum.GUI\Continuum.GUI.csproj", "{461BB105-9441-46FA-84F3-8073797F1D47}"
EndProject
Project("{9A19103F-16F7-4668-BE54-9A1E7A4F7556}") = "Continuum.Test", "Continuum.Test\Continuum.Test.csproj", "{3B6004A6-B687-4125-9F86-9946F837EF77}"
EndProject
Project("{9A19103F-16F7-4668-BE54-9A1E7A4F7556}") = "Continuum.Core", "Continuum.Core\Continuum.Core.csproj", "{FD6B87F4-3702-44BA-8431-F99D6A8335BA}"
EndProject
Project("{9A19103F-16F7-4668-BE54-9A1E7A4F7556}") = "Continuum.Common", "Continuum.Common\Continuum.Common.csproj", "{3ABBCFFE-E244-49C8-BCF8-210688D87493}"
EndProject
Global
	GlobalSection(SolutionConfigurationPlatforms) = preSolution
		Debug|Any CPU = Debug|Any CPU
		Release|Any CPU = Release|Any CPU
	EndGlobalSection
	GlobalSection(ProjectConfigurationPlatforms) = postSolution
		{461BB105-9441-46FA-84F3-8073797F1D47}.Debug|Any CPU.ActiveCfg = Debug|Any CPU
		{461BB105-9441-46FA-84F3-8073797F1D47}.Debug|Any CPU.Build.0 = Debug|Any CPU
		{461BB105-9441-46FA-84F3-8073797F1D47}.Release|Any CPU.ActiveCfg = Release|Any CPU
		{461BB105-9441-46FA-84F3-8073797F1D47}.Release|Any CPU.Build.0 = Release|Any CPU
		{3B6004A6-B687-4125-9F86-9946F837EF77}.Debug|Any CPU.ActiveCfg = Debug|Any CPU
		{3B6004A6-B687-4125-9F86-9946F837EF77}.Debug|Any CPU.Build.0 = Debug|Any CPU
		{3B6004A6-B687-4125-9F86-9946F837EF77}.Release|Any CPU.ActiveCfg = Release|Any CPU
		{3B6004A6-B687-4125-9F86-9946F837EF77}.Release|Any CPU.Build.0 = Release|Any CPU
		{FD6B87F4-3702-44BA-8431-F99D6A8335BA}.Debug|Any CPU.ActiveCfg = Debug|Any CPU
		{FD6B87F4-3702-44BA-8431-F99D6A8335BA}.Debug|Any CPU.Build.0 = Debug|Any CPU
		{FD6B87F4-3702-44BA-8431-F99D6A8335BA}.Release|Any CPU.ActiveCfg = Release|Any CPU
		{FD6B87F4-3702-44BA-8431-F99D6A8335BA}.Release|Any CPU.Build.0 = Release|Any CPU
		{3ABBCFFE-E244-49C8-BCF8-210688D87493}.Debug|Any CPU.ActiveCfg = Debug|Any CPU
		{3ABBCFFE-E244-49C8-BCF8-210688D87493}.Debug|Any CPU.Build.0 = Debug|Any CPU
		{3ABBCFFE-E244-49C8-BCF8-210688D87493}.Release|Any CPU.ActiveCfg = Release|Any CPU
		{3ABBCFFE-E244-49C8-BCF8-210688D87493}.Release|Any CPU.Build.0 = Release|Any CPU
	EndGlobalSection
	GlobalSection(SolutionProperties) = preSolution
		HideSolutionNode = FALSE
	EndGlobalSection
	GlobalSection(ExtensibilityGlobals) = postSolution
		SolutionGuid = {E42099BA-E2D7-42EC-84F0-20B7138BCA1A}
	EndGlobalSection
EndGlobal
